// !$*UTF8*$!
{
	archiveVersion = 1;
	classes = {
	};
	objectVersion = 46;
	objects = {

/* Begin PBXBuildFile section */
		30659A0716B45E100072F6D5 /* MessageUI.framework in Frameworks */ = {isa = PBXBuildFile; fileRef = 30659A0616B45E100072F6D5 /* MessageUI.framework */; };
		30659A0D16B465C20072F6D5 /* REActivityDelegateObject.m in Sources */ = {isa = PBXBuildFile; fileRef = 30659A0C16B465C20072F6D5 /* REActivityDelegateObject.m */; };
		30659A2216B468E00072F6D5 /* AssetsLibrary.framework in Frameworks */ = {isa = PBXBuildFile; fileRef = 30659A2116B468E00072F6D5 /* AssetsLibrary.framework */; };
		30659A5016B4730F0072F6D5 /* DEFacebookComposeView.xib in Resources */ = {isa = PBXBuildFile; fileRef = 30659A2816B4730F0072F6D5 /* DEFacebookComposeView.xib */; };
		30659A5116B4730F0072F6D5 /* DEFacebookComposeViewController.m in Sources */ = {isa = PBXBuildFile; fileRef = 30659A2A16B4730F0072F6D5 /* DEFacebookComposeViewController.m */; settings = {COMPILER_FLAGS = "-fno-objc-arc"; }; };
		30659A5216B4730F0072F6D5 /* DEFacebookGradientView.m in Sources */ = {isa = PBXBuildFile; fileRef = 30659A2C16B4730F0072F6D5 /* DEFacebookGradientView.m */; settings = {COMPILER_FLAGS = "-fno-objc-arc"; }; };
		30659A5316B4730F0072F6D5 /* DEFacebookSheetCardView.m in Sources */ = {isa = PBXBuildFile; fileRef = 30659A2E16B4730F0072F6D5 /* DEFacebookSheetCardView.m */; settings = {COMPILER_FLAGS = "-fno-objc-arc"; }; };
		30659A5416B4730F0072F6D5 /* DEFacebookTextView.m in Sources */ = {isa = PBXBuildFile; fileRef = 30659A3016B4730F0072F6D5 /* DEFacebookTextView.m */; settings = {COMPILER_FLAGS = "-fno-objc-arc"; }; };
		30659A5516B4730F0072F6D5 /* DERuledView.m in Sources */ = {isa = PBXBuildFile; fileRef = 30659A3216B4730F0072F6D5 /* DERuledView.m */; settings = {COMPILER_FLAGS = "-fno-objc-arc"; }; };
		30659A5616B4730F0072F6D5 /* DEFacebookAttachmentFrame.png in Resources */ = {isa = PBXBuildFile; fileRef = 30659A3416B4730F0072F6D5 /* DEFacebookAttachmentFrame.png */; };
		30659A5716B4730F0072F6D5 /* DEFacebookAttachmentFrame@2x.png in Resources */ = {isa = PBXBuildFile; fileRef = 30659A3516B4730F0072F6D5 /* DEFacebookAttachmentFrame@2x.png */; };
		30659A5816B4730F0072F6D5 /* DEFacebookCancelButtonLandscape.png in Resources */ = {isa = PBXBuildFile; fileRef = 30659A3616B4730F0072F6D5 /* DEFacebookCancelButtonLandscape.png */; };
		30659A5916B4730F0072F6D5 /* DEFacebookCancelButtonLandscape@2x.png in Resources */ = {isa = PBXBuildFile; fileRef = 30659A3716B4730F0072F6D5 /* DEFacebookCancelButtonLandscape@2x.png */; };
		30659A5A16B4730F0072F6D5 /* DEFacebookCancelButtonPortrait.png in Resources */ = {isa = PBXBuildFile; fileRef = 30659A3816B4730F0072F6D5 /* DEFacebookCancelButtonPortrait.png */; };
		30659A5B16B4730F0072F6D5 /* DEFacebookCancelButtonPortrait@2x.png in Resources */ = {isa = PBXBuildFile; fileRef = 30659A3916B4730F0072F6D5 /* DEFacebookCancelButtonPortrait@2x.png */; };
		30659A5C16B4730F0072F6D5 /* DEFacebookCardAccountLine.png in Resources */ = {isa = PBXBuildFile; fileRef = 30659A3A16B4730F0072F6D5 /* DEFacebookCardAccountLine.png */; };
		30659A5D16B4730F0072F6D5 /* DEFacebookCardAccountLine@2x.png in Resources */ = {isa = PBXBuildFile; fileRef = 30659A3B16B4730F0072F6D5 /* DEFacebookCardAccountLine@2x.png */; };
		30659A5E16B4730F0072F6D5 /* DEFacebookCardBackground.png in Resources */ = {isa = PBXBuildFile; fileRef = 30659A3C16B4730F0072F6D5 /* DEFacebookCardBackground.png */; };
		30659A5F16B4730F0072F6D5 /* DEFacebookCardBackground@2x.png in Resources */ = {isa = PBXBuildFile; fileRef = 30659A3D16B4730F0072F6D5 /* DEFacebookCardBackground@2x.png */; };
		30659A6016B4730F0072F6D5 /* DEFacebookCardHeaderLine.png in Resources */ = {isa = PBXBuildFile; fileRef = 30659A3E16B4730F0072F6D5 /* DEFacebookCardHeaderLine.png */; };
		30659A6116B4730F0072F6D5 /* DEFacebookCardHeaderLine@2x.png in Resources */ = {isa = PBXBuildFile; fileRef = 30659A3F16B4730F0072F6D5 /* DEFacebookCardHeaderLine@2x.png */; };
		30659A6216B4730F0072F6D5 /* DEFacebookPaperClip.png in Resources */ = {isa = PBXBuildFile; fileRef = 30659A4016B4730F0072F6D5 /* DEFacebookPaperClip.png */; };
		30659A6316B4730F0072F6D5 /* DEFacebookPaperClip@2x.png in Resources */ = {isa = PBXBuildFile; fileRef = 30659A4116B4730F0072F6D5 /* DEFacebookPaperClip@2x.png */; };
		30659A6416B4730F0072F6D5 /* DEFacebookSendButtonLandscape.png in Resources */ = {isa = PBXBuildFile; fileRef = 30659A4216B4730F0072F6D5 /* DEFacebookSendButtonLandscape.png */; };
		30659A6516B4730F0072F6D5 /* DEFacebookSendButtonLandscape@2x.png in Resources */ = {isa = PBXBuildFile; fileRef = 30659A4316B4730F0072F6D5 /* DEFacebookSendButtonLandscape@2x.png */; };
		30659A6616B4730F0072F6D5 /* DEFacebookSendButtonPortrait.png in Resources */ = {isa = PBXBuildFile; fileRef = 30659A4416B4730F0072F6D5 /* DEFacebookSendButtonPortrait.png */; };
		30659A6716B4730F0072F6D5 /* DEFacebookSendButtonPortrait@2x.png in Resources */ = {isa = PBXBuildFile; fileRef = 30659A4516B4730F0072F6D5 /* DEFacebookSendButtonPortrait@2x.png */; };
		30659A6816B4730F0072F6D5 /* DEFacebookURLAttachment.png in Resources */ = {isa = PBXBuildFile; fileRef = 30659A4616B4730F0072F6D5 /* DEFacebookURLAttachment.png */; };
		30659A6916B4730F0072F6D5 /* DEFacebookURLAttachment@2x.png in Resources */ = {isa = PBXBuildFile; fileRef = 30659A4716B4730F0072F6D5 /* DEFacebookURLAttachment@2x.png */; };
		30659A6A16B4730F0072F6D5 /* NavBarLandscape.png in Resources */ = {isa = PBXBuildFile; fileRef = 30659A4816B4730F0072F6D5 /* NavBarLandscape.png */; };
		30659A6B16B4730F0072F6D5 /* NavBarLandscape1.png in Resources */ = {isa = PBXBuildFile; fileRef = 30659A4916B4730F0072F6D5 /* NavBarLandscape1.png */; };
		30659A6C16B4730F0072F6D5 /* NavBarLandscape@2x.png in Resources */ = {isa = PBXBuildFile; fileRef = 30659A4A16B4730F0072F6D5 /* NavBarLandscape@2x.png */; };
		30659A6D16B4730F0072F6D5 /* NavBarLandscape@2x1.png in Resources */ = {isa = PBXBuildFile; fileRef = 30659A4B16B4730F0072F6D5 /* NavBarLandscape@2x1.png */; };
		30659A6E16B4730F0072F6D5 /* UIApplication+DEFacebookComposeViewController.m in Sources */ = {isa = PBXBuildFile; fileRef = 30659A4D16B4730F0072F6D5 /* UIApplication+DEFacebookComposeViewController.m */; settings = {COMPILER_FLAGS = "-fno-objc-arc"; }; };
		30659A6F16B4730F0072F6D5 /* UIDevice+DEFacebookComposeViewController.m in Sources */ = {isa = PBXBuildFile; fileRef = 30659A4F16B4730F0072F6D5 /* UIDevice+DEFacebookComposeViewController.m */; settings = {COMPILER_FLAGS = "-fno-objc-arc"; }; };
		30659A7116B473ED0072F6D5 /* AdSupport.framework in Frameworks */ = {isa = PBXBuildFile; fileRef = 30659A7016B473ED0072F6D5 /* AdSupport.framework */; settings = {ATTRIBUTES = (Weak, ); }; };
		30659A7316B473F20072F6D5 /* Accounts.framework in Frameworks */ = {isa = PBXBuildFile; fileRef = 30659A7216B473F20072F6D5 /* Accounts.framework */; settings = {ATTRIBUTES = (Weak, ); }; };
		30659A7716B474710072F6D5 /* FacebookSDK.framework in Frameworks */ = {isa = PBXBuildFile; fileRef = 30659A7616B474710072F6D5 /* FacebookSDK.framework */; };
		30659A7916B474910072F6D5 /* FacebookSDKResources.bundle in Resources */ = {isa = PBXBuildFile; fileRef = 30659A7816B474910072F6D5 /* FacebookSDKResources.bundle */; };
		30659A7B16B474C60072F6D5 /* QuartzCore.framework in Frameworks */ = {isa = PBXBuildFile; fileRef = 30659A7A16B474C60072F6D5 /* QuartzCore.framework */; };
		30659A9B16B480540072F6D5 /* DEComposeRuledView.m in Sources */ = {isa = PBXBuildFile; fileRef = 30659A9116B480540072F6D5 /* DEComposeRuledView.m */; };
		30659A9C16B480540072F6D5 /* DEComposeTextView.m in Sources */ = {isa = PBXBuildFile; fileRef = 30659A9316B480540072F6D5 /* DEComposeTextView.m */; };
		30659A9D16B480540072F6D5 /* REComposeBackgroundView.m in Sources */ = {isa = PBXBuildFile; fileRef = 30659A9516B480540072F6D5 /* REComposeBackgroundView.m */; };
		30659A9E16B480540072F6D5 /* REComposeSheetView.m in Sources */ = {isa = PBXBuildFile; fileRef = 30659A9716B480540072F6D5 /* REComposeSheetView.m */; };
		30659A9F16B480540072F6D5 /* REComposeViewController.bundle in Resources */ = {isa = PBXBuildFile; fileRef = 30659A9816B480540072F6D5 /* REComposeViewController.bundle */; };
		30659AA016B480540072F6D5 /* REComposeViewController.m in Sources */ = {isa = PBXBuildFile; fileRef = 30659A9A16B480540072F6D5 /* REComposeViewController.m */; };
		30659AA316B480630072F6D5 /* RETumblrActivity.m in Sources */ = {isa = PBXBuildFile; fileRef = 30659AA216B480620072F6D5 /* RETumblrActivity.m */; };
		30659AA516B484030072F6D5 /* Icon_Tumblr@2x.png in Resources */ = {isa = PBXBuildFile; fileRef = 30659AA416B484030072F6D5 /* Icon_Tumblr@2x.png */; };
		30659AA716B48AAF0072F6D5 /* Icon_VK@2x.png in Resources */ = {isa = PBXBuildFile; fileRef = 30659AA616B48AAF0072F6D5 /* Icon_VK@2x.png */; };
		30659AAA16B48B6F0072F6D5 /* REVKActivity.m in Sources */ = {isa = PBXBuildFile; fileRef = 30659AA916B48B6F0072F6D5 /* REVKActivity.m */; };
		30659AAD16B4985F0072F6D5 /* REInstapaperActivity.m in Sources */ = {isa = PBXBuildFile; fileRef = 30659AAC16B4985E0072F6D5 /* REInstapaperActivity.m */; };
		30659AAF16B499020072F6D5 /* Icon_Instapaper@2x.png in Resources */ = {isa = PBXBuildFile; fileRef = 30659AAE16B499020072F6D5 /* Icon_Instapaper@2x.png */; };
		30659AB116B49A070072F6D5 /* Icon_Pocket@2x.png in Resources */ = {isa = PBXBuildFile; fileRef = 30659AB016B49A070072F6D5 /* Icon_Pocket@2x.png */; };
		30659AB416B49A150072F6D5 /* REPocketActivity.m in Sources */ = {isa = PBXBuildFile; fileRef = 30659AB316B49A150072F6D5 /* REPocketActivity.m */; };
		3096647216B1B36B00440203 /* UIKit.framework in Frameworks */ = {isa = PBXBuildFile; fileRef = 3096647116B1B36B00440203 /* UIKit.framework */; };
		3096647416B1B36B00440203 /* Foundation.framework in Frameworks */ = {isa = PBXBuildFile; fileRef = 3096647316B1B36B00440203 /* Foundation.framework */; };
		3096647616B1B36B00440203 /* CoreGraphics.framework in Frameworks */ = {isa = PBXBuildFile; fileRef = 3096647516B1B36B00440203 /* CoreGraphics.framework */; };
		3096647C16B1B36B00440203 /* InfoPlist.strings in Resources */ = {isa = PBXBuildFile; fileRef = 3096647A16B1B36B00440203 /* InfoPlist.strings */; };
		3096647E16B1B36B00440203 /* main.m in Sources */ = {isa = PBXBuildFile; fileRef = 3096647D16B1B36B00440203 /* main.m */; };
		3096648216B1B36B00440203 /* AppDelegate.m in Sources */ = {isa = PBXBuildFile; fileRef = 3096648116B1B36B00440203 /* AppDelegate.m */; };
		3096648416B1B36B00440203 /* Default.png in Resources */ = {isa = PBXBuildFile; fileRef = 3096648316B1B36B00440203 /* Default.png */; };
		3096648616B1B36B00440203 /* Default@2x.png in Resources */ = {isa = PBXBuildFile; fileRef = 3096648516B1B36B00440203 /* Default@2x.png */; };
		3096648816B1B36B00440203 /* Default-568h@2x.png in Resources */ = {isa = PBXBuildFile; fileRef = 3096648716B1B36B00440203 /* Default-568h@2x.png */; };
		3096649116B1B3CC00440203 /* REActivityViewController.m in Sources */ = {isa = PBXBuildFile; fileRef = 3096649016B1B3CC00440203 /* REActivityViewController.m */; };
		3096649416B1B3D900440203 /* RootViewController.m in Sources */ = {isa = PBXBuildFile; fileRef = 3096649316B1B3D900440203 /* RootViewController.m */; };
		3096649716B1B4C900440203 /* REActivity.m in Sources */ = {isa = PBXBuildFile; fileRef = 3096649616B1B4C800440203 /* REActivity.m */; };
		3096649A16B1B60500440203 /* REFacebookActivity.m in Sources */ = {isa = PBXBuildFile; fileRef = 3096649916B1B60500440203 /* REFacebookActivity.m */; };
		3096649D16B1B66700440203 /* RETwitterActivity.m in Sources */ = {isa = PBXBuildFile; fileRef = 3096649C16B1B66700440203 /* RETwitterActivity.m */; };
		309664A016B1B95500440203 /* REMessageActivity.m in Sources */ = {isa = PBXBuildFile; fileRef = 3096649F16B1B95500440203 /* REMessageActivity.m */; };
		309664A316B1B96A00440203 /* REMailActivity.m in Sources */ = {isa = PBXBuildFile; fileRef = 309664A216B1B96900440203 /* REMailActivity.m */; };
		309664A916B1D62300440203 /* REActivityView.m in Sources */ = {isa = PBXBuildFile; fileRef = 309664A816B1D62200440203 /* REActivityView.m */; };
		309664B616B1E8CF00440203 /* Background@2x.png in Resources */ = {isa = PBXBuildFile; fileRef = 309664AF16B1E8CF00440203 /* Background@2x.png */; };
		309664B716B1E8CF00440203 /* Icon_Copy@2x.png in Resources */ = {isa = PBXBuildFile; fileRef = 309664B016B1E8CF00440203 /* Icon_Copy@2x.png */; };
		309664B816B1E8CF00440203 /* Icon_Facebook@2x.png in Resources */ = {isa = PBXBuildFile; fileRef = 309664B116B1E8CF00440203 /* Icon_Facebook@2x.png */; };
		309664B916B1E8CF00440203 /* Icon_Mail@2x.png in Resources */ = {isa = PBXBuildFile; fileRef = 309664B216B1E8CF00440203 /* Icon_Mail@2x.png */; };
		309664BA16B1E8CF00440203 /* Icon_Message@2x.png in Resources */ = {isa = PBXBuildFile; fileRef = 309664B316B1E8CF00440203 /* Icon_Message@2x.png */; };
		309664BB16B1E8CF00440203 /* Icon_Print@2x.png in Resources */ = {isa = PBXBuildFile; fileRef = 309664B416B1E8CF00440203 /* Icon_Print@2x.png */; };
		309664BC16B1E8CF00440203 /* Icon_Twitter@2x.png in Resources */ = {isa = PBXBuildFile; fileRef = 309664B516B1E8CF00440203 /* Icon_Twitter@2x.png */; };
		309664C116B1F02900440203 /* Button@2x.png in Resources */ = {isa = PBXBuildFile; fileRef = 309664C016B1F02900440203 /* Button@2x.png */; };
		309664C316B1F40000440203 /* Social.framework in Frameworks */ = {isa = PBXBuildFile; fileRef = 309664C216B1F40000440203 /* Social.framework */; settings = {ATTRIBUTES = (Weak, ); }; };
		309664C516B1F40400440203 /* Twitter.framework in Frameworks */ = {isa = PBXBuildFile; fileRef = 309664C416B1F40400440203 /* Twitter.framework */; };
		309664E116B2F40200440203 /* Flower.jpg in Resources */ = {isa = PBXBuildFile; fileRef = 309664E016B2F40200440203 /* Flower.jpg */; };
		30A8392416B2251C00E9482B /* RootViewController_iPad.m in Sources */ = {isa = PBXBuildFile; fileRef = 30A8392316B2251C00E9482B /* RootViewController_iPad.m */; };
		30A8392816B2D75F00E9482B /* REPrintActivity.m in Sources */ = {isa = PBXBuildFile; fileRef = 30A8392716B2D75F00E9482B /* REPrintActivity.m */; };
		30A8392B16B2D76800E9482B /* RECopyActivity.m in Sources */ = {isa = PBXBuildFile; fileRef = 30A8392A16B2D76800E9482B /* RECopyActivity.m */; };
		30A8392E16B2D77200E9482B /* RESafariActivity.m in Sources */ = {isa = PBXBuildFile; fileRef = 30A8392D16B2D77200E9482B /* RESafariActivity.m */; };
		30A8393016B2D8B600E9482B /* Icon_Safari@2x.png in Resources */ = {isa = PBXBuildFile; fileRef = 30A8392F16B2D8B600E9482B /* Icon_Safari@2x.png */; };
		30A8393216B2D8BB00E9482B /* Icon_Maps@2x.png in Resources */ = {isa = PBXBuildFile; fileRef = 30A8393116B2D8BB00E9482B /* Icon_Maps@2x.png */; };
		30A8393516B2D8FE00E9482B /* REMapsActivity.m in Sources */ = {isa = PBXBuildFile; fileRef = 30A8393416B2D8FE00E9482B /* REMapsActivity.m */; };
		30A8393A16B2DB9600E9482B /* Icon_Instagram@2x.png in Resources */ = {isa = PBXBuildFile; fileRef = 30A8393916B2DB9600E9482B /* Icon_Instagram@2x.png */; };
		30A8393C16B2DC8000E9482B /* Icon_Photos@2x.png in Resources */ = {isa = PBXBuildFile; fileRef = 30A8393B16B2DC8000E9482B /* Icon_Photos@2x.png */; };
		30A8393F16B2DC9300E9482B /* RESaveToAlbumActivity.m in Sources */ = {isa = PBXBuildFile; fileRef = 30A8393E16B2DC9300E9482B /* RESaveToAlbumActivity.m */; };
/* End PBXBuildFile section */

/* Begin PBXFileReference section */
		30659A0616B45E100072F6D5 /* MessageUI.framework */ = {isa = PBXFileReference; lastKnownFileType = wrapper.framework; name = MessageUI.framework; path = System/Library/Frameworks/MessageUI.framework; sourceTree = SDKROOT; };
		30659A0B16B465C20072F6D5 /* REActivityDelegateObject.h */ = {isa = PBXFileReference; fileEncoding = 4; lastKnownFileType = sourcecode.c.h; path = REActivityDelegateObject.h; sourceTree = "<group>"; };
		30659A0C16B465C20072F6D5 /* REActivityDelegateObject.m */ = {isa = PBXFileReference; fileEncoding = 4; lastKnownFileType = sourcecode.c.objc; path = REActivityDelegateObject.m; sourceTree = "<group>"; };
		30659A2116B468E00072F6D5 /* AssetsLibrary.framework */ = {isa = PBXFileReference; lastKnownFileType = wrapper.framework; name = AssetsLibrary.framework; path = System/Library/Frameworks/AssetsLibrary.framework; sourceTree = SDKROOT; };
		30659A2816B4730F0072F6D5 /* DEFacebookComposeView.xib */ = {isa = PBXFileReference; fileEncoding = 4; lastKnownFileType = file.xib; path = DEFacebookComposeView.xib; sourceTree = "<group>"; };
		30659A2916B4730F0072F6D5 /* DEFacebookComposeViewController.h */ = {isa = PBXFileReference; fileEncoding = 4; lastKnownFileType = sourcecode.c.h; path = DEFacebookComposeViewController.h; sourceTree = "<group>"; };
		30659A2A16B4730F0072F6D5 /* DEFacebookComposeViewController.m */ = {isa = PBXFileReference; fileEncoding = 4; lastKnownFileType = sourcecode.c.objc; path = DEFacebookComposeViewController.m; sourceTree = "<group>"; };
		30659A2B16B4730F0072F6D5 /* DEFacebookGradientView.h */ = {isa = PBXFileReference; fileEncoding = 4; lastKnownFileType = sourcecode.c.h; path = DEFacebookGradientView.h; sourceTree = "<group>"; };
		30659A2C16B4730F0072F6D5 /* DEFacebookGradientView.m */ = {isa = PBXFileReference; fileEncoding = 4; lastKnownFileType = sourcecode.c.objc; path = DEFacebookGradientView.m; sourceTree = "<group>"; };
		30659A2D16B4730F0072F6D5 /* DEFacebookSheetCardView.h */ = {isa = PBXFileReference; fileEncoding = 4; lastKnownFileType = sourcecode.c.h; path = DEFacebookSheetCardView.h; sourceTree = "<group>"; };
		30659A2E16B4730F0072F6D5 /* DEFacebookSheetCardView.m */ = {isa = PBXFileReference; fileEncoding = 4; lastKnownFileType = sourcecode.c.objc; path = DEFacebookSheetCardView.m; sourceTree = "<group>"; };
		30659A2F16B4730F0072F6D5 /* DEFacebookTextView.h */ = {isa = PBXFileReference; fileEncoding = 4; lastKnownFileType = sourcecode.c.h; path = DEFacebookTextView.h; sourceTree = "<group>"; };
		30659A3016B4730F0072F6D5 /* DEFacebookTextView.m */ = {isa = PBXFileReference; fileEncoding = 4; lastKnownFileType = sourcecode.c.objc; path = DEFacebookTextView.m; sourceTree = "<group>"; };
		30659A3116B4730F0072F6D5 /* DERuledView.h */ = {isa = PBXFileReference; fileEncoding = 4; lastKnownFileType = sourcecode.c.h; path = DERuledView.h; sourceTree = "<group>"; };
		30659A3216B4730F0072F6D5 /* DERuledView.m */ = {isa = PBXFileReference; fileEncoding = 4; lastKnownFileType = sourcecode.c.objc; path = DERuledView.m; sourceTree = "<group>"; };
		30659A3416B4730F0072F6D5 /* DEFacebookAttachmentFrame.png */ = {isa = PBXFileReference; lastKnownFileType = image.png; path = DEFacebookAttachmentFrame.png; sourceTree = "<group>"; };
		30659A3516B4730F0072F6D5 /* DEFacebookAttachmentFrame@2x.png */ = {isa = PBXFileReference; lastKnownFileType = image.png; path = "DEFacebookAttachmentFrame@2x.png"; sourceTree = "<group>"; };
		30659A3616B4730F0072F6D5 /* DEFacebookCancelButtonLandscape.png */ = {isa = PBXFileReference; lastKnownFileType = image.png; path = DEFacebookCancelButtonLandscape.png; sourceTree = "<group>"; };
		30659A3716B4730F0072F6D5 /* DEFacebookCancelButtonLandscape@2x.png */ = {isa = PBXFileReference; lastKnownFileType = image.png; path = "DEFacebookCancelButtonLandscape@2x.png"; sourceTree = "<group>"; };
		30659A3816B4730F0072F6D5 /* DEFacebookCancelButtonPortrait.png */ = {isa = PBXFileReference; lastKnownFileType = image.png; path = DEFacebookCancelButtonPortrait.png; sourceTree = "<group>"; };
		30659A3916B4730F0072F6D5 /* DEFacebookCancelButtonPortrait@2x.png */ = {isa = PBXFileReference; lastKnownFileType = image.png; path = "DEFacebookCancelButtonPortrait@2x.png"; sourceTree = "<group>"; };
		30659A3A16B4730F0072F6D5 /* DEFacebookCardAccountLine.png */ = {isa = PBXFileReference; lastKnownFileType = image.png; path = DEFacebookCardAccountLine.png; sourceTree = "<group>"; };
		30659A3B16B4730F0072F6D5 /* DEFacebookCardAccountLine@2x.png */ = {isa = PBXFileReference; lastKnownFileType = image.png; path = "DEFacebookCardAccountLine@2x.png"; sourceTree = "<group>"; };
		30659A3C16B4730F0072F6D5 /* DEFacebookCardBackground.png */ = {isa = PBXFileReference; lastKnownFileType = image.png; path = DEFacebookCardBackground.png; sourceTree = "<group>"; };
		30659A3D16B4730F0072F6D5 /* DEFacebookCardBackground@2x.png */ = {isa = PBXFileReference; lastKnownFileType = image.png; path = "DEFacebookCardBackground@2x.png"; sourceTree = "<group>"; };
		30659A3E16B4730F0072F6D5 /* DEFacebookCardHeaderLine.png */ = {isa = PBXFileReference; lastKnownFileType = image.png; path = DEFacebookCardHeaderLine.png; sourceTree = "<group>"; };
		30659A3F16B4730F0072F6D5 /* DEFacebookCardHeaderLine@2x.png */ = {isa = PBXFileReference; lastKnownFileType = image.png; path = "DEFacebookCardHeaderLine@2x.png"; sourceTree = "<group>"; };
		30659A4016B4730F0072F6D5 /* DEFacebookPaperClip.png */ = {isa = PBXFileReference; lastKnownFileType = image.png; path = DEFacebookPaperClip.png; sourceTree = "<group>"; };
		30659A4116B4730F0072F6D5 /* DEFacebookPaperClip@2x.png */ = {isa = PBXFileReference; lastKnownFileType = image.png; path = "DEFacebookPaperClip@2x.png"; sourceTree = "<group>"; };
		30659A4216B4730F0072F6D5 /* DEFacebookSendButtonLandscape.png */ = {isa = PBXFileReference; lastKnownFileType = image.png; path = DEFacebookSendButtonLandscape.png; sourceTree = "<group>"; };
		30659A4316B4730F0072F6D5 /* DEFacebookSendButtonLandscape@2x.png */ = {isa = PBXFileReference; lastKnownFileType = image.png; path = "DEFacebookSendButtonLandscape@2x.png"; sourceTree = "<group>"; };
		30659A4416B4730F0072F6D5 /* DEFacebookSendButtonPortrait.png */ = {isa = PBXFileReference; lastKnownFileType = image.png; path = DEFacebookSendButtonPortrait.png; sourceTree = "<group>"; };
		30659A4516B4730F0072F6D5 /* DEFacebookSendButtonPortrait@2x.png */ = {isa = PBXFileReference; lastKnownFileType = image.png; path = "DEFacebookSendButtonPortrait@2x.png"; sourceTree = "<group>"; };
		30659A4616B4730F0072F6D5 /* DEFacebookURLAttachment.png */ = {isa = PBXFileReference; lastKnownFileType = image.png; path = DEFacebookURLAttachment.png; sourceTree = "<group>"; };
		30659A4716B4730F0072F6D5 /* DEFacebookURLAttachment@2x.png */ = {isa = PBXFileReference; lastKnownFileType = image.png; path = "DEFacebookURLAttachment@2x.png"; sourceTree = "<group>"; };
		30659A4816B4730F0072F6D5 /* NavBarLandscape.png */ = {isa = PBXFileReference; lastKnownFileType = image.png; path = NavBarLandscape.png; sourceTree = "<group>"; };
		30659A4916B4730F0072F6D5 /* NavBarLandscape1.png */ = {isa = PBXFileReference; lastKnownFileType = image.png; path = NavBarLandscape1.png; sourceTree = "<group>"; };
		30659A4A16B4730F0072F6D5 /* NavBarLandscape@2x.png */ = {isa = PBXFileReference; lastKnownFileType = image.png; path = "NavBarLandscape@2x.png"; sourceTree = "<group>"; };
		30659A4B16B4730F0072F6D5 /* NavBarLandscape@2x1.png */ = {isa = PBXFileReference; lastKnownFileType = image.png; path = "NavBarLandscape@2x1.png"; sourceTree = "<group>"; };
		30659A4C16B4730F0072F6D5 /* UIApplication+DEFacebookComposeViewController.h */ = {isa = PBXFileReference; fileEncoding = 4; lastKnownFileType = sourcecode.c.h; path = "UIApplication+DEFacebookComposeViewController.h"; sourceTree = "<group>"; };
		30659A4D16B4730F0072F6D5 /* UIApplication+DEFacebookComposeViewController.m */ = {isa = PBXFileReference; fileEncoding = 4; lastKnownFileType = sourcecode.c.objc; path = "UIApplication+DEFacebookComposeViewController.m"; sourceTree = "<group>"; };
		30659A4E16B4730F0072F6D5 /* UIDevice+DEFacebookComposeViewController.h */ = {isa = PBXFileReference; fileEncoding = 4; lastKnownFileType = sourcecode.c.h; path = "UIDevice+DEFacebookComposeViewController.h"; sourceTree = "<group>"; };
		30659A4F16B4730F0072F6D5 /* UIDevice+DEFacebookComposeViewController.m */ = {isa = PBXFileReference; fileEncoding = 4; lastKnownFileType = sourcecode.c.objc; path = "UIDevice+DEFacebookComposeViewController.m"; sourceTree = "<group>"; };
		30659A7016B473ED0072F6D5 /* AdSupport.framework */ = {isa = PBXFileReference; lastKnownFileType = wrapper.framework; name = AdSupport.framework; path = System/Library/Frameworks/AdSupport.framework; sourceTree = SDKROOT; };
		30659A7216B473F20072F6D5 /* Accounts.framework */ = {isa = PBXFileReference; lastKnownFileType = wrapper.framework; name = Accounts.framework; path = System/Library/Frameworks/Accounts.framework; sourceTree = SDKROOT; };
		30659A7616B474710072F6D5 /* FacebookSDK.framework */ = {isa = PBXFileReference; lastKnownFileType = wrapper.framework; name = FacebookSDK.framework; path = "../facebook-ios-sdk-master/build/FacebookSDK.framework"; sourceTree = "<group>"; };
		30659A7816B474910072F6D5 /* FacebookSDKResources.bundle */ = {isa = PBXFileReference; lastKnownFileType = "wrapper.plug-in"; name = FacebookSDKResources.bundle; path = "../facebook-ios-sdk-master/build/FacebookSDK.framework/Versions/A/Resources/FacebookSDKResources.bundle"; sourceTree = "<group>"; };
		30659A7A16B474C60072F6D5 /* QuartzCore.framework */ = {isa = PBXFileReference; lastKnownFileType = wrapper.framework; name = QuartzCore.framework; path = System/Library/Frameworks/QuartzCore.framework; sourceTree = SDKROOT; };
		30659A9016B480540072F6D5 /* DEComposeRuledView.h */ = {isa = PBXFileReference; fileEncoding = 4; lastKnownFileType = sourcecode.c.h; path = DEComposeRuledView.h; sourceTree = "<group>"; };
		30659A9116B480540072F6D5 /* DEComposeRuledView.m */ = {isa = PBXFileReference; fileEncoding = 4; lastKnownFileType = sourcecode.c.objc; path = DEComposeRuledView.m; sourceTree = "<group>"; };
		30659A9216B480540072F6D5 /* DEComposeTextView.h */ = {isa = PBXFileReference; fileEncoding = 4; lastKnownFileType = sourcecode.c.h; path = DEComposeTextView.h; sourceTree = "<group>"; };
		30659A9316B480540072F6D5 /* DEComposeTextView.m */ = {isa = PBXFileReference; fileEncoding = 4; lastKnownFileType = sourcecode.c.objc; path = DEComposeTextView.m; sourceTree = "<group>"; };
		30659A9416B480540072F6D5 /* REComposeBackgroundView.h */ = {isa = PBXFileReference; fileEncoding = 4; lastKnownFileType = sourcecode.c.h; path = REComposeBackgroundView.h; sourceTree = "<group>"; };
		30659A9516B480540072F6D5 /* REComposeBackgroundView.m */ = {isa = PBXFileReference; fileEncoding = 4; lastKnownFileType = sourcecode.c.objc; path = REComposeBackgroundView.m; sourceTree = "<group>"; };
		30659A9616B480540072F6D5 /* REComposeSheetView.h */ = {isa = PBXFileReference; fileEncoding = 4; lastKnownFileType = sourcecode.c.h; path = REComposeSheetView.h; sourceTree = "<group>"; };
		30659A9716B480540072F6D5 /* REComposeSheetView.m */ = {isa = PBXFileReference; fileEncoding = 4; lastKnownFileType = sourcecode.c.objc; path = REComposeSheetView.m; sourceTree = "<group>"; };
		30659A9816B480540072F6D5 /* REComposeViewController.bundle */ = {isa = PBXFileReference; lastKnownFileType = "wrapper.plug-in"; path = REComposeViewController.bundle; sourceTree = "<group>"; };
		30659A9916B480540072F6D5 /* REComposeViewController.h */ = {isa = PBXFileReference; fileEncoding = 4; lastKnownFileType = sourcecode.c.h; path = REComposeViewController.h; sourceTree = "<group>"; };
		30659A9A16B480540072F6D5 /* REComposeViewController.m */ = {isa = PBXFileReference; fileEncoding = 4; lastKnownFileType = sourcecode.c.objc; path = REComposeViewController.m; sourceTree = "<group>"; };
		30659AA116B480620072F6D5 /* RETumblrActivity.h */ = {isa = PBXFileReference; fileEncoding = 4; lastKnownFileType = sourcecode.c.h; path = RETumblrActivity.h; sourceTree = "<group>"; };
		30659AA216B480620072F6D5 /* RETumblrActivity.m */ = {isa = PBXFileReference; fileEncoding = 4; lastKnownFileType = sourcecode.c.objc; path = RETumblrActivity.m; sourceTree = "<group>"; };
		30659AA416B484030072F6D5 /* Icon_Tumblr@2x.png */ = {isa = PBXFileReference; lastKnownFileType = image.png; path = "Icon_Tumblr@2x.png"; sourceTree = "<group>"; };
		30659AA616B48AAF0072F6D5 /* Icon_VK@2x.png */ = {isa = PBXFileReference; lastKnownFileType = image.png; path = "Icon_VK@2x.png"; sourceTree = "<group>"; };
		30659AA816B48B6E0072F6D5 /* REVKActivity.h */ = {isa = PBXFileReference; fileEncoding = 4; lastKnownFileType = sourcecode.c.h; path = REVKActivity.h; sourceTree = "<group>"; };
		30659AA916B48B6F0072F6D5 /* REVKActivity.m */ = {isa = PBXFileReference; fileEncoding = 4; lastKnownFileType = sourcecode.c.objc; path = REVKActivity.m; sourceTree = "<group>"; };
		30659AAB16B4985E0072F6D5 /* REInstapaperActivity.h */ = {isa = PBXFileReference; fileEncoding = 4; lastKnownFileType = sourcecode.c.h; path = REInstapaperActivity.h; sourceTree = "<group>"; };
		30659AAC16B4985E0072F6D5 /* REInstapaperActivity.m */ = {isa = PBXFileReference; fileEncoding = 4; lastKnownFileType = sourcecode.c.objc; path = REInstapaperActivity.m; sourceTree = "<group>"; };
		30659AAE16B499020072F6D5 /* Icon_Instapaper@2x.png */ = {isa = PBXFileReference; lastKnownFileType = image.png; path = "Icon_Instapaper@2x.png"; sourceTree = "<group>"; };
		30659AB016B49A070072F6D5 /* Icon_Pocket@2x.png */ = {isa = PBXFileReference; lastKnownFileType = image.png; path = "Icon_Pocket@2x.png"; sourceTree = "<group>"; };
		30659AB216B49A140072F6D5 /* REPocketActivity.h */ = {isa = PBXFileReference; fileEncoding = 4; lastKnownFileType = sourcecode.c.h; path = REPocketActivity.h; sourceTree = "<group>"; };
		30659AB316B49A150072F6D5 /* REPocketActivity.m */ = {isa = PBXFileReference; fileEncoding = 4; lastKnownFileType = sourcecode.c.objc; path = REPocketActivity.m; sourceTree = "<group>"; };
		30659AB516B49A500072F6D5 /* REActivities.h */ = {isa = PBXFileReference; fileEncoding = 4; lastKnownFileType = sourcecode.c.h; path = REActivities.h; sourceTree = "<group>"; };
		3096646D16B1B36B00440203 /* REActivityViewControllerExample.app */ = {isa = PBXFileReference; explicitFileType = wrapper.application; includeInIndex = 0; path = REActivityViewControllerExample.app; sourceTree = BUILT_PRODUCTS_DIR; };
		3096647116B1B36B00440203 /* UIKit.framework */ = {isa = PBXFileReference; lastKnownFileType = wrapper.framework; name = UIKit.framework; path = System/Library/Frameworks/UIKit.framework; sourceTree = SDKROOT; };
		3096647316B1B36B00440203 /* Foundation.framework */ = {isa = PBXFileReference; lastKnownFileType = wrapper.framework; name = Foundation.framework; path = System/Library/Frameworks/Foundation.framework; sourceTree = SDKROOT; };
		3096647516B1B36B00440203 /* CoreGraphics.framework */ = {isa = PBXFileReference; lastKnownFileType = wrapper.framework; name = CoreGraphics.framework; path = System/Library/Frameworks/CoreGraphics.framework; sourceTree = SDKROOT; };
		3096647916B1B36B00440203 /* REActivityViewControllerExample-Info.plist */ = {isa = PBXFileReference; lastKnownFileType = text.plist.xml; path = "REActivityViewControllerExample-Info.plist"; sourceTree = "<group>"; };
		3096647B16B1B36B00440203 /* en */ = {isa = PBXFileReference; lastKnownFileType = text.plist.strings; name = en; path = en.lproj/InfoPlist.strings; sourceTree = "<group>"; };
		3096647D16B1B36B00440203 /* main.m */ = {isa = PBXFileReference; lastKnownFileType = sourcecode.c.objc; path = main.m; sourceTree = "<group>"; };
		3096647F16B1B36B00440203 /* REActivityViewControllerExample-Prefix.pch */ = {isa = PBXFileReference; lastKnownFileType = sourcecode.c.h; path = "REActivityViewControllerExample-Prefix.pch"; sourceTree = "<group>"; };
		3096648016B1B36B00440203 /* AppDelegate.h */ = {isa = PBXFileReference; lastKnownFileType = sourcecode.c.h; path = AppDelegate.h; sourceTree = "<group>"; };
		3096648116B1B36B00440203 /* AppDelegate.m */ = {isa = PBXFileReference; lastKnownFileType = sourcecode.c.objc; path = AppDelegate.m; sourceTree = "<group>"; };
		3096648316B1B36B00440203 /* Default.png */ = {isa = PBXFileReference; lastKnownFileType = image.png; path = Default.png; sourceTree = "<group>"; };
		3096648516B1B36B00440203 /* Default@2x.png */ = {isa = PBXFileReference; lastKnownFileType = image.png; path = "Default@2x.png"; sourceTree = "<group>"; };
		3096648716B1B36B00440203 /* Default-568h@2x.png */ = {isa = PBXFileReference; lastKnownFileType = image.png; path = "Default-568h@2x.png"; sourceTree = "<group>"; };
		3096648F16B1B3CC00440203 /* REActivityViewController.h */ = {isa = PBXFileReference; fileEncoding = 4; lastKnownFileType = sourcecode.c.h; path = REActivityViewController.h; sourceTree = "<group>"; };
		3096649016B1B3CC00440203 /* REActivityViewController.m */ = {isa = PBXFileReference; fileEncoding = 4; lastKnownFileType = sourcecode.c.objc; path = REActivityViewController.m; sourceTree = "<group>"; };
		3096649216B1B3D900440203 /* RootViewController.h */ = {isa = PBXFileReference; fileEncoding = 4; lastKnownFileType = sourcecode.c.h; path = RootViewController.h; sourceTree = "<group>"; };
		3096649316B1B3D900440203 /* RootViewController.m */ = {isa = PBXFileReference; fileEncoding = 4; lastKnownFileType = sourcecode.c.objc; path = RootViewController.m; sourceTree = "<group>"; };
		3096649516B1B4C800440203 /* REActivity.h */ = {isa = PBXFileReference; fileEncoding = 4; lastKnownFileType = sourcecode.c.h; path = REActivity.h; sourceTree = "<group>"; };
		3096649616B1B4C800440203 /* REActivity.m */ = {isa = PBXFileReference; fileEncoding = 4; lastKnownFileType = sourcecode.c.objc; path = REActivity.m; sourceTree = "<group>"; };
		3096649816B1B60500440203 /* REFacebookActivity.h */ = {isa = PBXFileReference; fileEncoding = 4; lastKnownFileType = sourcecode.c.h; path = REFacebookActivity.h; sourceTree = "<group>"; };
		3096649916B1B60500440203 /* REFacebookActivity.m */ = {isa = PBXFileReference; fileEncoding = 4; lastKnownFileType = sourcecode.c.objc; path = REFacebookActivity.m; sourceTree = "<group>"; };
		3096649B16B1B66700440203 /* RETwitterActivity.h */ = {isa = PBXFileReference; fileEncoding = 4; lastKnownFileType = sourcecode.c.h; path = RETwitterActivity.h; sourceTree = "<group>"; };
		3096649C16B1B66700440203 /* RETwitterActivity.m */ = {isa = PBXFileReference; fileEncoding = 4; lastKnownFileType = sourcecode.c.objc; path = RETwitterActivity.m; sourceTree = "<group>"; };
		3096649E16B1B95500440203 /* REMessageActivity.h */ = {isa = PBXFileReference; fileEncoding = 4; lastKnownFileType = sourcecode.c.h; path = REMessageActivity.h; sourceTree = "<group>"; };
		3096649F16B1B95500440203 /* REMessageActivity.m */ = {isa = PBXFileReference; fileEncoding = 4; lastKnownFileType = sourcecode.c.objc; path = REMessageActivity.m; sourceTree = "<group>"; };
		309664A116B1B96900440203 /* REMailActivity.h */ = {isa = PBXFileReference; fileEncoding = 4; lastKnownFileType = sourcecode.c.h; path = REMailActivity.h; sourceTree = "<group>"; };
		309664A216B1B96900440203 /* REMailActivity.m */ = {isa = PBXFileReference; fileEncoding = 4; lastKnownFileType = sourcecode.c.objc; path = REMailActivity.m; sourceTree = "<group>"; };
		309664A716B1D62200440203 /* REActivityView.h */ = {isa = PBXFileReference; fileEncoding = 4; lastKnownFileType = sourcecode.c.h; path = REActivityView.h; sourceTree = "<group>"; };
		309664A816B1D62200440203 /* REActivityView.m */ = {isa = PBXFileReference; fileEncoding = 4; lastKnownFileType = sourcecode.c.objc; path = REActivityView.m; sourceTree = "<group>"; };
		309664AF16B1E8CF00440203 /* Background@2x.png */ = {isa = PBXFileReference; lastKnownFileType = image.png; path = "Background@2x.png"; sourceTree = "<group>"; };
		309664B016B1E8CF00440203 /* Icon_Copy@2x.png */ = {isa = PBXFileReference; lastKnownFileType = image.png; path = "Icon_Copy@2x.png"; sourceTree = "<group>"; };
		309664B116B1E8CF00440203 /* Icon_Facebook@2x.png */ = {isa = PBXFileReference; lastKnownFileType = image.png; path = "Icon_Facebook@2x.png"; sourceTree = "<group>"; };
		309664B216B1E8CF00440203 /* Icon_Mail@2x.png */ = {isa = PBXFileReference; lastKnownFileType = image.png; path = "Icon_Mail@2x.png"; sourceTree = "<group>"; };
		309664B316B1E8CF00440203 /* Icon_Message@2x.png */ = {isa = PBXFileReference; lastKnownFileType = image.png; path = "Icon_Message@2x.png"; sourceTree = "<group>"; };
		309664B416B1E8CF00440203 /* Icon_Print@2x.png */ = {isa = PBXFileReference; lastKnownFileType = image.png; path = "Icon_Print@2x.png"; sourceTree = "<group>"; };
		309664B516B1E8CF00440203 /* Icon_Twitter@2x.png */ = {isa = PBXFileReference; lastKnownFileType = image.png; path = "Icon_Twitter@2x.png"; sourceTree = "<group>"; };
		309664C016B1F02900440203 /* Button@2x.png */ = {isa = PBXFileReference; lastKnownFileType = image.png; path = "Button@2x.png"; sourceTree = "<group>"; };
		309664C216B1F40000440203 /* Social.framework */ = {isa = PBXFileReference; lastKnownFileType = wrapper.framework; name = Social.framework; path = System/Library/Frameworks/Social.framework; sourceTree = SDKROOT; };
		309664C416B1F40400440203 /* Twitter.framework */ = {isa = PBXFileReference; lastKnownFileType = wrapper.framework; name = Twitter.framework; path = System/Library/Frameworks/Twitter.framework; sourceTree = SDKROOT; };
		309664E016B2F40200440203 /* Flower.jpg */ = {isa = PBXFileReference; lastKnownFileType = image.jpeg; path = Flower.jpg; sourceTree = "<group>"; };
		30A8392216B2251C00E9482B /* RootViewController_iPad.h */ = {isa = PBXFileReference; fileEncoding = 4; lastKnownFileType = sourcecode.c.h; path = RootViewController_iPad.h; sourceTree = "<group>"; };
		30A8392316B2251C00E9482B /* RootViewController_iPad.m */ = {isa = PBXFileReference; fileEncoding = 4; lastKnownFileType = sourcecode.c.objc; path = RootViewController_iPad.m; sourceTree = "<group>"; };
		30A8392616B2D75F00E9482B /* REPrintActivity.h */ = {isa = PBXFileReference; fileEncoding = 4; lastKnownFileType = sourcecode.c.h; path = REPrintActivity.h; sourceTree = "<group>"; };
		30A8392716B2D75F00E9482B /* REPrintActivity.m */ = {isa = PBXFileReference; fileEncoding = 4; lastKnownFileType = sourcecode.c.objc; path = REPrintActivity.m; sourceTree = "<group>"; };
		30A8392916B2D76800E9482B /* RECopyActivity.h */ = {isa = PBXFileReference; fileEncoding = 4; lastKnownFileType = sourcecode.c.h; path = RECopyActivity.h; sourceTree = "<group>"; };
		30A8392A16B2D76800E9482B /* RECopyActivity.m */ = {isa = PBXFileReference; fileEncoding = 4; lastKnownFileType = sourcecode.c.objc; path = RECopyActivity.m; sourceTree = "<group>"; };
		30A8392C16B2D77200E9482B /* RESafariActivity.h */ = {isa = PBXFileReference; fileEncoding = 4; lastKnownFileType = sourcecode.c.h; path = RESafariActivity.h; sourceTree = "<group>"; };
		30A8392D16B2D77200E9482B /* RESafariActivity.m */ = {isa = PBXFileReference; fileEncoding = 4; lastKnownFileType = sourcecode.c.objc; path = RESafariActivity.m; sourceTree = "<group>"; };
		30A8392F16B2D8B600E9482B /* Icon_Safari@2x.png */ = {isa = PBXFileReference; lastKnownFileType = image.png; path = "Icon_Safari@2x.png"; sourceTree = "<group>"; };
		30A8393116B2D8BB00E9482B /* Icon_Maps@2x.png */ = {isa = PBXFileReference; lastKnownFileType = image.png; path = "Icon_Maps@2x.png"; sourceTree = "<group>"; };
		30A8393316B2D8FE00E9482B /* REMapsActivity.h */ = {isa = PBXFileReference; fileEncoding = 4; lastKnownFileType = sourcecode.c.h; path = REMapsActivity.h; sourceTree = "<group>"; };
		30A8393416B2D8FE00E9482B /* REMapsActivity.m */ = {isa = PBXFileReference; fileEncoding = 4; lastKnownFileType = sourcecode.c.objc; path = REMapsActivity.m; sourceTree = "<group>"; };
		30A8393916B2DB9600E9482B /* Icon_Instagram@2x.png */ = {isa = PBXFileReference; lastKnownFileType = image.png; path = "Icon_Instagram@2x.png"; sourceTree = "<group>"; };
		30A8393B16B2DC8000E9482B /* Icon_Photos@2x.png */ = {isa = PBXFileReference; lastKnownFileType = image.png; path = "Icon_Photos@2x.png"; sourceTree = "<group>"; };
		30A8393D16B2DC9300E9482B /* RESaveToAlbumActivity.h */ = {isa = PBXFileReference; fileEncoding = 4; lastKnownFileType = sourcecode.c.h; path = RESaveToAlbumActivity.h; sourceTree = "<group>"; };
		30A8393E16B2DC9300E9482B /* RESaveToAlbumActivity.m */ = {isa = PBXFileReference; fileEncoding = 4; lastKnownFileType = sourcecode.c.objc; path = RESaveToAlbumActivity.m; sourceTree = "<group>"; };
/* End PBXFileReference section */

/* Begin PBXFrameworksBuildPhase section */
		3096646A16B1B36B00440203 /* Frameworks */ = {
			isa = PBXFrameworksBuildPhase;
			buildActionMask = 2147483647;
			files = (
				30659A7B16B474C60072F6D5 /* QuartzCore.framework in Frameworks */,
				30659A7316B473F20072F6D5 /* Accounts.framework in Frameworks */,
				30659A7116B473ED0072F6D5 /* AdSupport.framework in Frameworks */,
				30659A2216B468E00072F6D5 /* AssetsLibrary.framework in Frameworks */,
				30659A0716B45E100072F6D5 /* MessageUI.framework in Frameworks */,
				309664C516B1F40400440203 /* Twitter.framework in Frameworks */,
				309664C316B1F40000440203 /* Social.framework in Frameworks */,
				3096647216B1B36B00440203 /* UIKit.framework in Frameworks */,
				3096647416B1B36B00440203 /* Foundation.framework in Frameworks */,
				3096647616B1B36B00440203 /* CoreGraphics.framework in Frameworks */,
				30659A7716B474710072F6D5 /* FacebookSDK.framework in Frameworks */,
			);
			runOnlyForDeploymentPostprocessing = 0;
		};
/* End PBXFrameworksBuildPhase section */

/* Begin PBXGroup section */
		30659A2716B4730F0072F6D5 /* FacebookComposeViewController */ = {
			isa = PBXGroup;
			children = (
				30659A2816B4730F0072F6D5 /* DEFacebookComposeView.xib */,
				30659A2916B4730F0072F6D5 /* DEFacebookComposeViewController.h */,
				30659A2A16B4730F0072F6D5 /* DEFacebookComposeViewController.m */,
				30659A2B16B4730F0072F6D5 /* DEFacebookGradientView.h */,
				30659A2C16B4730F0072F6D5 /* DEFacebookGradientView.m */,
				30659A2D16B4730F0072F6D5 /* DEFacebookSheetCardView.h */,
				30659A2E16B4730F0072F6D5 /* DEFacebookSheetCardView.m */,
				30659A2F16B4730F0072F6D5 /* DEFacebookTextView.h */,
				30659A3016B4730F0072F6D5 /* DEFacebookTextView.m */,
				30659A3116B4730F0072F6D5 /* DERuledView.h */,
				30659A3216B4730F0072F6D5 /* DERuledView.m */,
				30659A3316B4730F0072F6D5 /* Resources */,
				30659A4C16B4730F0072F6D5 /* UIApplication+DEFacebookComposeViewController.h */,
				30659A4D16B4730F0072F6D5 /* UIApplication+DEFacebookComposeViewController.m */,
				30659A4E16B4730F0072F6D5 /* UIDevice+DEFacebookComposeViewController.h */,
				30659A4F16B4730F0072F6D5 /* UIDevice+DEFacebookComposeViewController.m */,
			);
			name = FacebookComposeViewController;
			path = ../FacebookComposeViewController;
			sourceTree = "<group>";
		};
		30659A3316B4730F0072F6D5 /* Resources */ = {
			isa = PBXGroup;
			children = (
				30659A3416B4730F0072F6D5 /* DEFacebookAttachmentFrame.png */,
				30659A3516B4730F0072F6D5 /* DEFacebookAttachmentFrame@2x.png */,
				30659A3616B4730F0072F6D5 /* DEFacebookCancelButtonLandscape.png */,
				30659A3716B4730F0072F6D5 /* DEFacebookCancelButtonLandscape@2x.png */,
				30659A3816B4730F0072F6D5 /* DEFacebookCancelButtonPortrait.png */,
				30659A3916B4730F0072F6D5 /* DEFacebookCancelButtonPortrait@2x.png */,
				30659A3A16B4730F0072F6D5 /* DEFacebookCardAccountLine.png */,
				30659A3B16B4730F0072F6D5 /* DEFacebookCardAccountLine@2x.png */,
				30659A3C16B4730F0072F6D5 /* DEFacebookCardBackground.png */,
				30659A3D16B4730F0072F6D5 /* DEFacebookCardBackground@2x.png */,
				30659A3E16B4730F0072F6D5 /* DEFacebookCardHeaderLine.png */,
				30659A3F16B4730F0072F6D5 /* DEFacebookCardHeaderLine@2x.png */,
				30659A4016B4730F0072F6D5 /* DEFacebookPaperClip.png */,
				30659A4116B4730F0072F6D5 /* DEFacebookPaperClip@2x.png */,
				30659A4216B4730F0072F6D5 /* DEFacebookSendButtonLandscape.png */,
				30659A4316B4730F0072F6D5 /* DEFacebookSendButtonLandscape@2x.png */,
				30659A4416B4730F0072F6D5 /* DEFacebookSendButtonPortrait.png */,
				30659A4516B4730F0072F6D5 /* DEFacebookSendButtonPortrait@2x.png */,
				30659A4616B4730F0072F6D5 /* DEFacebookURLAttachment.png */,
				30659A4716B4730F0072F6D5 /* DEFacebookURLAttachment@2x.png */,
				30659A4816B4730F0072F6D5 /* NavBarLandscape.png */,
				30659A4916B4730F0072F6D5 /* NavBarLandscape1.png */,
				30659A4A16B4730F0072F6D5 /* NavBarLandscape@2x.png */,
				30659A4B16B4730F0072F6D5 /* NavBarLandscape@2x1.png */,
			);
			path = Resources;
			sourceTree = "<group>";
		};
		30659A8F16B480540072F6D5 /* REComposeViewController */ = {
			isa = PBXGroup;
			children = (
				30659A9016B480540072F6D5 /* DEComposeRuledView.h */,
				30659A9116B480540072F6D5 /* DEComposeRuledView.m */,
				30659A9216B480540072F6D5 /* DEComposeTextView.h */,
				30659A9316B480540072F6D5 /* DEComposeTextView.m */,
				30659A9416B480540072F6D5 /* REComposeBackgroundView.h */,
				30659A9516B480540072F6D5 /* REComposeBackgroundView.m */,
				30659A9616B480540072F6D5 /* REComposeSheetView.h */,
				30659A9716B480540072F6D5 /* REComposeSheetView.m */,
				30659A9816B480540072F6D5 /* REComposeViewController.bundle */,
				30659A9916B480540072F6D5 /* REComposeViewController.h */,
				30659A9A16B480540072F6D5 /* REComposeViewController.m */,
			);
			name = REComposeViewController;
			path = ../REComposeViewController;
			sourceTree = "<group>";
		};
		3096646216B1B36B00440203 = {
			isa = PBXGroup;
			children = (
				30659A2716B4730F0072F6D5 /* FacebookComposeViewController */,
				30659A8F16B480540072F6D5 /* REComposeViewController */,
				3096648E16B1B37900440203 /* REActivityViewController */,
				3096647716B1B36B00440203 /* REActivityViewControllerExample */,
				3096647016B1B36B00440203 /* Frameworks */,
				3096646E16B1B36B00440203 /* Products */,
			);
			sourceTree = "<group>";
		};
		3096646E16B1B36B00440203 /* Products */ = {
			isa = PBXGroup;
			children = (
				3096646D16B1B36B00440203 /* REActivityViewControllerExample.app */,
			);
			name = Products;
			sourceTree = "<group>";
		};
		3096647016B1B36B00440203 /* Frameworks */ = {
			isa = PBXGroup;
			children = (
				30659A7A16B474C60072F6D5 /* QuartzCore.framework */,
				30659A7816B474910072F6D5 /* FacebookSDKResources.bundle */,
				30659A7616B474710072F6D5 /* FacebookSDK.framework */,
				30659A7216B473F20072F6D5 /* Accounts.framework */,
				30659A7016B473ED0072F6D5 /* AdSupport.framework */,
				30659A2116B468E00072F6D5 /* AssetsLibrary.framework */,
				30659A0616B45E100072F6D5 /* MessageUI.framework */,
				309664C416B1F40400440203 /* Twitter.framework */,
				309664C216B1F40000440203 /* Social.framework */,
				3096647116B1B36B00440203 /* UIKit.framework */,
				3096647316B1B36B00440203 /* Foundation.framework */,
				3096647516B1B36B00440203 /* CoreGraphics.framework */,
			);
			name = Frameworks;
			sourceTree = "<group>";
		};
		3096647716B1B36B00440203 /* REActivityViewControllerExample */ = {
			isa = PBXGroup;
			children = (
				309664E016B2F40200440203 /* Flower.jpg */,
				3096648016B1B36B00440203 /* AppDelegate.h */,
				3096648116B1B36B00440203 /* AppDelegate.m */,
				3096649216B1B3D900440203 /* RootViewController.h */,
				3096649316B1B3D900440203 /* RootViewController.m */,
				30A8392216B2251C00E9482B /* RootViewController_iPad.h */,
				30A8392316B2251C00E9482B /* RootViewController_iPad.m */,
				3096647816B1B36B00440203 /* Supporting Files */,
			);
			path = REActivityViewControllerExample;
			sourceTree = "<group>";
		};
		3096647816B1B36B00440203 /* Supporting Files */ = {
			isa = PBXGroup;
			children = (
				3096647916B1B36B00440203 /* REActivityViewControllerExample-Info.plist */,
				3096647A16B1B36B00440203 /* InfoPlist.strings */,
				3096647D16B1B36B00440203 /* main.m */,
				3096647F16B1B36B00440203 /* REActivityViewControllerExample-Prefix.pch */,
				3096648316B1B36B00440203 /* Default.png */,
				3096648516B1B36B00440203 /* Default@2x.png */,
				3096648716B1B36B00440203 /* Default-568h@2x.png */,
			);
			name = "Supporting Files";
			sourceTree = "<group>";
		};
		3096648E16B1B37900440203 /* REActivityViewController */ = {
			isa = PBXGroup;
			children = (
				309664BD16B1E93C00440203 /* Activities */,
				309664A416B1CFE800440203 /* REActivityViewController */,
				3096648F16B1B3CC00440203 /* REActivityViewController.h */,
				3096649016B1B3CC00440203 /* REActivityViewController.m */,
				3096649516B1B4C800440203 /* REActivity.h */,
				3096649616B1B4C800440203 /* REActivity.m */,
				309664A716B1D62200440203 /* REActivityView.h */,
				309664A816B1D62200440203 /* REActivityView.m */,
			);
			name = REActivityViewController;
			path = ../REActivityViewController;
			sourceTree = "<group>";
		};
		309664A416B1CFE800440203 /* REActivityViewController */ = {
			isa = PBXGroup;
			children = (
				309664C016B1F02900440203 /* Button@2x.png */,
				309664AF16B1E8CF00440203 /* Background@2x.png */,
				309664B016B1E8CF00440203 /* Icon_Copy@2x.png */,
				30659AA616B48AAF0072F6D5 /* Icon_VK@2x.png */,
				30A8392F16B2D8B600E9482B /* Icon_Safari@2x.png */,
				30A8393B16B2DC8000E9482B /* Icon_Photos@2x.png */,
				309664B116B1E8CF00440203 /* Icon_Facebook@2x.png */,
				30A8393916B2DB9600E9482B /* Icon_Instagram@2x.png */,
				309664B216B1E8CF00440203 /* Icon_Mail@2x.png */,
				30A8393116B2D8BB00E9482B /* Icon_Maps@2x.png */,
				30659AB016B49A070072F6D5 /* Icon_Pocket@2x.png */,
				30659AAE16B499020072F6D5 /* Icon_Instapaper@2x.png */,
				309664B316B1E8CF00440203 /* Icon_Message@2x.png */,
				309664B416B1E8CF00440203 /* Icon_Print@2x.png */,
				309664B516B1E8CF00440203 /* Icon_Twitter@2x.png */,
				30659AA416B484030072F6D5 /* Icon_Tumblr@2x.png */,
			);
			path = REActivityViewController;
			sourceTree = "<group>";
		};
		309664BD16B1E93C00440203 /* Activities */ = {
			isa = PBXGroup;
			children = (
				30659A0B16B465C20072F6D5 /* REActivityDelegateObject.h */,
				30659A0C16B465C20072F6D5 /* REActivityDelegateObject.m */,
				30A8392916B2D76800E9482B /* RECopyActivity.h */,
				30A8392A16B2D76800E9482B /* RECopyActivity.m */,
				3096649816B1B60500440203 /* REFacebookActivity.h */,
				3096649916B1B60500440203 /* REFacebookActivity.m */,
				30659AAB16B4985E0072F6D5 /* REInstapaperActivity.h */,
				30659AAC16B4985E0072F6D5 /* REInstapaperActivity.m */,
				309664A116B1B96900440203 /* REMailActivity.h */,
				309664A216B1B96900440203 /* REMailActivity.m */,
				30A8393316B2D8FE00E9482B /* REMapsActivity.h */,
				30A8393416B2D8FE00E9482B /* REMapsActivity.m */,
				3096649E16B1B95500440203 /* REMessageActivity.h */,
				3096649F16B1B95500440203 /* REMessageActivity.m */,
				30A8392616B2D75F00E9482B /* REPrintActivity.h */,
				30A8392716B2D75F00E9482B /* REPrintActivity.m */,
				30A8392C16B2D77200E9482B /* RESafariActivity.h */,
				30A8392D16B2D77200E9482B /* RESafariActivity.m */,
				30A8393D16B2DC9300E9482B /* RESaveToAlbumActivity.h */,
				30A8393E16B2DC9300E9482B /* RESaveToAlbumActivity.m */,
				30659AA116B480620072F6D5 /* RETumblrActivity.h */,
				30659AA216B480620072F6D5 /* RETumblrActivity.m */,
				3096649B16B1B66700440203 /* RETwitterActivity.h */,
				3096649C16B1B66700440203 /* RETwitterActivity.m */,
				30659AA816B48B6E0072F6D5 /* REVKActivity.h */,
				30659AA916B48B6F0072F6D5 /* REVKActivity.m */,
				30659AB216B49A140072F6D5 /* REPocketActivity.h */,
				30659AB316B49A150072F6D5 /* REPocketActivity.m */,
				30659AB516B49A500072F6D5 /* REActivities.h */,
			);
			name = Activities;
			sourceTree = "<group>";
		};
/* End PBXGroup section */

/* Begin PBXNativeTarget section */
		3096646C16B1B36B00440203 /* REActivityViewControllerExample */ = {
			isa = PBXNativeTarget;
			buildConfigurationList = 3096648B16B1B36B00440203 /* Build configuration list for PBXNativeTarget "REActivityViewControllerExample" */;
			buildPhases = (
				3096646916B1B36B00440203 /* Sources */,
				3096646A16B1B36B00440203 /* Frameworks */,
				3096646B16B1B36B00440203 /* Resources */,
			);
			buildRules = (
			);
			dependencies = (
			);
			name = REActivityViewControllerExample;
			productName = REActivityViewControllerExample;
			productReference = 3096646D16B1B36B00440203 /* REActivityViewControllerExample.app */;
			productType = "com.apple.product-type.application";
		};
/* End PBXNativeTarget section */

/* Begin PBXProject section */
		3096646416B1B36B00440203 /* Project object */ = {
			isa = PBXProject;
			attributes = {
				LastUpgradeCheck = 0450;
				ORGANIZATIONNAME = "Roman Efimov";
			};
			buildConfigurationList = 3096646716B1B36B00440203 /* Build configuration list for PBXProject "REActivityViewControllerExample" */;
			compatibilityVersion = "Xcode 3.2";
			developmentRegion = English;
			hasScannedForEncodings = 0;
			knownRegions = (
				en,
			);
			mainGroup = 3096646216B1B36B00440203;
			productRefGroup = 3096646E16B1B36B00440203 /* Products */;
			projectDirPath = "";
			projectRoot = "";
			targets = (
				3096646C16B1B36B00440203 /* REActivityViewControllerExample */,
			);
		};
/* End PBXProject section */

/* Begin PBXResourcesBuildPhase section */
		3096646B16B1B36B00440203 /* Resources */ = {
			isa = PBXResourcesBuildPhase;
			buildActionMask = 2147483647;
			files = (
				3096647C16B1B36B00440203 /* InfoPlist.strings in Resources */,
				3096648416B1B36B00440203 /* Default.png in Resources */,
				3096648616B1B36B00440203 /* Default@2x.png in Resources */,
				3096648816B1B36B00440203 /* Default-568h@2x.png in Resources */,
				309664B616B1E8CF00440203 /* Background@2x.png in Resources */,
				309664B716B1E8CF00440203 /* Icon_Copy@2x.png in Resources */,
				309664B816B1E8CF00440203 /* Icon_Facebook@2x.png in Resources */,
				309664B916B1E8CF00440203 /* Icon_Mail@2x.png in Resources */,
				309664BA16B1E8CF00440203 /* Icon_Message@2x.png in Resources */,
				309664BB16B1E8CF00440203 /* Icon_Print@2x.png in Resources */,
				309664BC16B1E8CF00440203 /* Icon_Twitter@2x.png in Resources */,
				309664C116B1F02900440203 /* Button@2x.png in Resources */,
				30A8393016B2D8B600E9482B /* Icon_Safari@2x.png in Resources */,
				30A8393216B2D8BB00E9482B /* Icon_Maps@2x.png in Resources */,
				30A8393A16B2DB9600E9482B /* Icon_Instagram@2x.png in Resources */,
				30A8393C16B2DC8000E9482B /* Icon_Photos@2x.png in Resources */,
				309664E116B2F40200440203 /* Flower.jpg in Resources */,
				30659A5016B4730F0072F6D5 /* DEFacebookComposeView.xib in Resources */,
				30659A5616B4730F0072F6D5 /* DEFacebookAttachmentFrame.png in Resources */,
				30659A5716B4730F0072F6D5 /* DEFacebookAttachmentFrame@2x.png in Resources */,
				30659A5816B4730F0072F6D5 /* DEFacebookCancelButtonLandscape.png in Resources */,
				30659A5916B4730F0072F6D5 /* DEFacebookCancelButtonLandscape@2x.png in Resources */,
				30659A5A16B4730F0072F6D5 /* DEFacebookCancelButtonPortrait.png in Resources */,
				30659A5B16B4730F0072F6D5 /* DEFacebookCancelButtonPortrait@2x.png in Resources */,
				30659A5C16B4730F0072F6D5 /* DEFacebookCardAccountLine.png in Resources */,
				30659A5D16B4730F0072F6D5 /* DEFacebookCardAccountLine@2x.png in Resources */,
				30659A5E16B4730F0072F6D5 /* DEFacebookCardBackground.png in Resources */,
				30659A5F16B4730F0072F6D5 /* DEFacebookCardBackground@2x.png in Resources */,
				30659A6016B4730F0072F6D5 /* DEFacebookCardHeaderLine.png in Resources */,
				30659A6116B4730F0072F6D5 /* DEFacebookCardHeaderLine@2x.png in Resources */,
				30659A6216B4730F0072F6D5 /* DEFacebookPaperClip.png in Resources */,
				30659A6316B4730F0072F6D5 /* DEFacebookPaperClip@2x.png in Resources */,
				30659A6416B4730F0072F6D5 /* DEFacebookSendButtonLandscape.png in Resources */,
				30659A6516B4730F0072F6D5 /* DEFacebookSendButtonLandscape@2x.png in Resources */,
				30659A6616B4730F0072F6D5 /* DEFacebookSendButtonPortrait.png in Resources */,
				30659A6716B4730F0072F6D5 /* DEFacebookSendButtonPortrait@2x.png in Resources */,
				30659A6816B4730F0072F6D5 /* DEFacebookURLAttachment.png in Resources */,
				30659A6916B4730F0072F6D5 /* DEFacebookURLAttachment@2x.png in Resources */,
				30659A6A16B4730F0072F6D5 /* NavBarLandscape.png in Resources */,
				30659A6B16B4730F0072F6D5 /* NavBarLandscape1.png in Resources */,
				30659A6C16B4730F0072F6D5 /* NavBarLandscape@2x.png in Resources */,
				30659A6D16B4730F0072F6D5 /* NavBarLandscape@2x1.png in Resources */,
				30659A7916B474910072F6D5 /* FacebookSDKResources.bundle in Resources */,
				30659A9F16B480540072F6D5 /* REComposeViewController.bundle in Resources */,
				30659AA516B484030072F6D5 /* Icon_Tumblr@2x.png in Resources */,
				30659AA716B48AAF0072F6D5 /* Icon_VK@2x.png in Resources */,
				30659AAF16B499020072F6D5 /* Icon_Instapaper@2x.png in Resources */,
				30659AB116B49A070072F6D5 /* Icon_Pocket@2x.png in Resources */,
			);
			runOnlyForDeploymentPostprocessing = 0;
		};
/* End PBXResourcesBuildPhase section */

/* Begin PBXSourcesBuildPhase section */
		3096646916B1B36B00440203 /* Sources */ = {
			isa = PBXSourcesBuildPhase;
			buildActionMask = 2147483647;
			files = (
				3096647E16B1B36B00440203 /* main.m in Sources */,
				3096648216B1B36B00440203 /* AppDelegate.m in Sources */,
				3096649116B1B3CC00440203 /* REActivityViewController.m in Sources */,
				3096649416B1B3D900440203 /* RootViewController.m in Sources */,
				3096649716B1B4C900440203 /* REActivity.m in Sources */,
				3096649A16B1B60500440203 /* REFacebookActivity.m in Sources */,
				3096649D16B1B66700440203 /* RETwitterActivity.m in Sources */,
				309664A016B1B95500440203 /* REMessageActivity.m in Sources */,
				309664A316B1B96A00440203 /* REMailActivity.m in Sources */,
				309664A916B1D62300440203 /* REActivityView.m in Sources */,
				30A8392416B2251C00E9482B /* RootViewController_iPad.m in Sources */,
				30A8392816B2D75F00E9482B /* REPrintActivity.m in Sources */,
				30A8392B16B2D76800E9482B /* RECopyActivity.m in Sources */,
				30A8392E16B2D77200E9482B /* RESafariActivity.m in Sources */,
				30A8393516B2D8FE00E9482B /* REMapsActivity.m in Sources */,
				30A8393F16B2DC9300E9482B /* RESaveToAlbumActivity.m in Sources */,
				30659A0D16B465C20072F6D5 /* REActivityDelegateObject.m in Sources */,
				30659A5116B4730F0072F6D5 /* DEFacebookComposeViewController.m in Sources */,
				30659A5216B4730F0072F6D5 /* DEFacebookGradientView.m in Sources */,
				30659A5316B4730F0072F6D5 /* DEFacebookSheetCardView.m in Sources */,
				30659A5416B4730F0072F6D5 /* DEFacebookTextView.m in Sources */,
				30659A5516B4730F0072F6D5 /* DERuledView.m in Sources */,
				30659A6E16B4730F0072F6D5 /* UIApplication+DEFacebookComposeViewController.m in Sources */,
				30659A6F16B4730F0072F6D5 /* UIDevice+DEFacebookComposeViewController.m in Sources */,
				30659A9B16B480540072F6D5 /* DEComposeRuledView.m in Sources */,
				30659A9C16B480540072F6D5 /* DEComposeTextView.m in Sources */,
				30659A9D16B480540072F6D5 /* REComposeBackgroundView.m in Sources */,
				30659A9E16B480540072F6D5 /* REComposeSheetView.m in Sources */,
				30659AA016B480540072F6D5 /* REComposeViewController.m in Sources */,
				30659AA316B480630072F6D5 /* RETumblrActivity.m in Sources */,
				30659AAA16B48B6F0072F6D5 /* REVKActivity.m in Sources */,
				30659AAD16B4985F0072F6D5 /* REInstapaperActivity.m in Sources */,
				30659AB416B49A150072F6D5 /* REPocketActivity.m in Sources */,
			);
			runOnlyForDeploymentPostprocessing = 0;
		};
/* End PBXSourcesBuildPhase section */

/* Begin PBXVariantGroup section */
		3096647A16B1B36B00440203 /* InfoPlist.strings */ = {
			isa = PBXVariantGroup;
			children = (
				3096647B16B1B36B00440203 /* en */,
			);
			name = InfoPlist.strings;
			sourceTree = "<group>";
		};
/* End PBXVariantGroup section */

/* Begin XCBuildConfiguration section */
		3096648916B1B36B00440203 /* Debug */ = {
			isa = XCBuildConfiguration;
			buildSettings = {
				ALWAYS_SEARCH_USER_PATHS = NO;
				CLANG_CXX_LANGUAGE_STANDARD = "gnu++0x";
				CLANG_CXX_LIBRARY = "libc++";
				CLANG_ENABLE_OBJC_ARC = YES;
				CLANG_WARN_EMPTY_BODY = YES;
				CLANG_WARN__DUPLICATE_METHOD_MATCH = YES;
				"CODE_SIGN_IDENTITY[sdk=iphoneos*]" = "iPhone Developer";
				COPY_PHASE_STRIP = NO;
				GCC_C_LANGUAGE_STANDARD = gnu99;
				GCC_DYNAMIC_NO_PIC = NO;
				GCC_OPTIMIZATION_LEVEL = 0;
				GCC_PREPROCESSOR_DEFINITIONS = (
					"DEBUG=1",
					"$(inherited)",
				);
				GCC_SYMBOLS_PRIVATE_EXTERN = NO;
				GCC_WARN_ABOUT_RETURN_TYPE = YES;
				GCC_WARN_UNINITIALIZED_AUTOS = YES;
				GCC_WARN_UNUSED_VARIABLE = YES;
				IPHONEOS_DEPLOYMENT_TARGET = 6.0;
				ONLY_ACTIVE_ARCH = YES;
				SDKROOT = iphoneos;
			};
			name = Debug;
		};
		3096648A16B1B36B00440203 /* Release */ = {
			isa = XCBuildConfiguration;
			buildSettings = {
				ALWAYS_SEARCH_USER_PATHS = NO;
				CLANG_CXX_LANGUAGE_STANDARD = "gnu++0x";
				CLANG_CXX_LIBRARY = "libc++";
				CLANG_ENABLE_OBJC_ARC = YES;
				CLANG_WARN_EMPTY_BODY = YES;
				CLANG_WARN__DUPLICATE_METHOD_MATCH = YES;
				"CODE_SIGN_IDENTITY[sdk=iphoneos*]" = "iPhone Developer";
				COPY_PHASE_STRIP = YES;
				GCC_C_LANGUAGE_STANDARD = gnu99;
				GCC_WARN_ABOUT_RETURN_TYPE = YES;
				GCC_WARN_UNINITIALIZED_AUTOS = YES;
				GCC_WARN_UNUSED_VARIABLE = YES;
				IPHONEOS_DEPLOYMENT_TARGET = 6.0;
				OTHER_CFLAGS = "-DNS_BLOCK_ASSERTIONS=1";
				SDKROOT = iphoneos;
				VALIDATE_PRODUCT = YES;
			};
			name = Release;
		};
		3096648C16B1B36B00440203 /* Debug */ = {
			isa = XCBuildConfiguration;
			buildSettings = {
				FRAMEWORK_SEARCH_PATHS = (
					"$(inherited)",
					"\"$(SRCROOT)/../facebook-ios-sdk-master/build\"",
				);
				GCC_PRECOMPILE_PREFIX_HEADER = YES;
				GCC_PREFIX_HEADER = "REActivityViewControllerExample/REActivityViewControllerExample-Prefix.pch";
				INFOPLIST_FILE = "REActivityViewControllerExample/REActivityViewControllerExample-Info.plist";
				IPHONEOS_DEPLOYMENT_TARGET = 5.0;
				OTHER_LDFLAGS = "-lsqlite3.0";
				PRODUCT_NAME = "$(TARGET_NAME)";
				TARGETED_DEVICE_FAMILY = "1,2";
				WRAPPER_EXTENSION = app;
			};
			name = Debug;
		};
		3096648D16B1B36B00440203 /* Release */ = {
			isa = XCBuildConfiguration;
			buildSettings = {
				FRAMEWORK_SEARCH_PATHS = (
					"$(inherited)",
					"\"$(SRCROOT)/../facebook-ios-sdk-master/build\"",
				);
				GCC_PRECOMPILE_PREFIX_HEADER = YES;
				GCC_PREFIX_HEADER = "REActivityViewControllerExample/REActivityViewControllerExample-Prefix.pch";
				INFOPLIST_FILE = "REActivityViewControllerExample/REActivityViewControllerExample-Info.plist";
				IPHONEOS_DEPLOYMENT_TARGET = 5.0;
				OTHER_LDFLAGS = "-lsqlite3.0";
				PRODUCT_NAME = "$(TARGET_NAME)";
				TARGETED_DEVICE_FAMILY = "1,2";
				WRAPPER_EXTENSION = app;
			};
			name = Release;
		};
/* End XCBuildConfiguration section */

/* Begin XCConfigurationList section */
		3096646716B1B36B00440203 /* Build configuration list for PBXProject "REActivityViewControllerExample" */ = {
			isa = XCConfigurationList;
			buildConfigurations = (
				3096648916B1B36B00440203 /* Debug */,
				3096648A16B1B36B00440203 /* Release */,
			);
			defaultConfigurationIsVisible = 0;
			defaultConfigurationName = Release;
		};
		3096648B16B1B36B00440203 /* Build configuration list for PBXNativeTarget "REActivityViewControllerExample" */ = {
			isa = XCConfigurationList;
			buildConfigurations = (
				3096648C16B1B36B00440203 /* Debug */,
				3096648D16B1B36B00440203 /* Release */,
			);
			defaultConfigurationIsVisible = 0;
			defaultConfigurationName = Release;
		};
/* End XCConfigurationList section */
	};
	rootObject = 3096646416B1B36B00440203 /* Project object */;
}
